{
  "object": {
    "pins": [
      {
        "package": "Docopt",
        "repositoryURL": "https://github.com/elegantchaos/docopt.swift.git",
        "state": {
          "branch": null,
          "revision": "fe5bebd9829d1cf56bf062bca70809a09b7144b6",
          "version": "0.6.12"
        }
      }
    ]
  },
  "version": 1
}
